<?xml version="1.0" encoding="utf-8"?>
<Project ToolsVersion="4.0" xmlns="http://schemas.microsoft.com/developer/msbuild/2003">
  <ItemGroup>
    <Filter Include="ソース ファイル">
      <UniqueIdentifier>{4FC737F1-C7A5-4376-A066-2A32D752A2FF}</UniqueIdentifier>
      <Extensions>cpp;c;cc;cxx;c++;cppm;ixx;def;odl;idl;hpj;bat;asm;asmx</Extensions>
    </Filter>
    <Filter Include="ヘッダー ファイル">
      <UniqueIdentifier>{93995380-89BD-4b04-88EB-625FBE52EBFB}</UniqueIdentifier>
      <Extensions>h;hh;hpp;hxx;h++;hm;inl;inc;ipp;xsd</Extensions>
    </Filter>
    <Filter Include="リソース ファイル">
      <UniqueIdentifier>{67DA6AB6-F800-4c08-8B7A-83BB121AAD01}</UniqueIdentifier>
      <Extensions>rc;ico;cur;bmp;dlg;rc2;rct;bin;rgs;gif;jpg;jpeg;jpe;resx;tiff;tif;png;wav;mfcribbon-ms</Extensions>
    </Filter>
    <Filter Include="ソース ファイル\Scene">
      <UniqueIdentifier>{786b68e9-e088-4506-bfa0-63834f11b157}</UniqueIdentifier>
    </Filter>
    <Filter Include="ソース ファイル\Definition">
      <UniqueIdentifier>{1a0c7ae6-afc9-43a6-a408-03b76425bb76}</UniqueIdentifier>
    </Filter>
    <Filter Include="ソース ファイル\Manager">
      <UniqueIdentifier>{8ebc576a-092a-4d24-a8f2-8033c4ffb984}</UniqueIdentifier>
    </Filter>
    <Filter Include="ソース ファイル\Component">
      <UniqueIdentifier>{51b257d6-2d8e-461a-9468-fa0e8b0846b6}</UniqueIdentifier>
    </Filter>
    <Filter Include="ソース ファイル\Definition\Const">
      <UniqueIdentifier>{ba1870e6-31a9-4155-90b4-32fd9debfabe}</UniqueIdentifier>
    </Filter>
    <Filter Include="ソース ファイル\Definition\Enum">
      <UniqueIdentifier>{e2b1c7a1-038b-4921-b2d1-c18029fa2df5}</UniqueIdentifier>
    </Filter>
    <Filter Include="ソース ファイル\Pad">
      <UniqueIdentifier>{28f7dee4-ddf7-4909-958a-4633aa152a0e}</UniqueIdentifier>
    </Filter>
    <Filter Include="ソース ファイル\Debug">
      <UniqueIdentifier>{a5f1d59a-df6c-4eba-94bb-939c940bfa0f}</UniqueIdentifier>
    </Filter>
    <Filter Include="ソース ファイル\Definition\CommonModule">
      <UniqueIdentifier>{fbc197d1-e582-4885-bcf0-e9ec42afc492}</UniqueIdentifier>
    </Filter>
    <Filter Include="ソース ファイル\GameObject">
      <UniqueIdentifier>{019e0b53-fb3a-41e7-94b1-45eed76ca028}</UniqueIdentifier>
    </Filter>
    <Filter Include="ソース ファイル\GameObject\Character">
      <UniqueIdentifier>{118ccff9-128d-4dcb-bf1f-dc368e12cd1b}</UniqueIdentifier>
    </Filter>
    <Filter Include="ソース ファイル\GameObject\Character\Enemy">
      <UniqueIdentifier>{0ce27087-2254-4f99-9b13-1560583eff7f}</UniqueIdentifier>
    </Filter>
    <Filter Include="ソース ファイル\Debug\Scene">
      <UniqueIdentifier>{919da8bb-3abb-4cce-a3e5-be86ca300b66}</UniqueIdentifier>
    </Filter>
    <Filter Include="ソース ファイル\Generator">
      <UniqueIdentifier>{9b07f0ce-d522-4eb3-865a-d44821a2837e}</UniqueIdentifier>
    </Filter>
    <Filter Include="ソース ファイル\Data">
      <UniqueIdentifier>{38b37b5c-9bdf-4412-aa89-988ef086aff2}</UniqueIdentifier>
    </Filter>
    <Filter Include="ソース ファイル\GameObject\Collider">
      <UniqueIdentifier>{66015201-eedd-4d89-89f5-7a31c29028ed}</UniqueIdentifier>
    </Filter>
    <Filter Include="ソース ファイル\GameObject\Character\Enemy\Bomber">
      <UniqueIdentifier>{690d5275-e592-463a-8347-4f36ccbe1234}</UniqueIdentifier>
    </Filter>
    <Filter Include="ソース ファイル\GameObject\Missile">
      <UniqueIdentifier>{63c73e2c-05af-4828-bdd9-42012cfd4700}</UniqueIdentifier>
    </Filter>
    <Filter Include="ソース ファイル\GameObject\Character\Enemy\Shooter">
      <UniqueIdentifier>{65ade2ba-8622-468e-bd5f-6e44b2aaf21a}</UniqueIdentifier>
    </Filter>
    <Filter Include="ソース ファイル\GameObject\Character\Enemy\Walker">
      <UniqueIdentifier>{73079f10-e720-42aa-ba6f-d5f87ac4e283}</UniqueIdentifier>
    </Filter>
    <Filter Include="ImGui">
      <UniqueIdentifier>{08e40538-6e4f-49c5-adf1-e2407aa482d7}</UniqueIdentifier>
    </Filter>
    <Filter Include="ImGui\backends">
      <UniqueIdentifier>{99dd1136-3f38-4636-88d8-29405d479692}</UniqueIdentifier>
    </Filter>
  </ItemGroup>
  <ItemGroup>
    <ClCompile Include="src\main.cpp">
      <Filter>ソース ファイル</Filter>
    </ClCompile>
    <ClCompile Include="src\Scene\SceneBase.cpp">
      <Filter>ソース ファイル\Scene</Filter>
    </ClCompile>
    <ClCompile Include="src\Manager\ManagerBase.cpp">
      <Filter>ソース ファイル\Manager</Filter>
    </ClCompile>
    <ClCompile Include="src\Manager\SceneManager.cpp">
      <Filter>ソース ファイル\Manager</Filter>
    </ClCompile>
    <ClCompile Include="src\Pad\DirectInputPad.cpp">
      <Filter>ソース ファイル\Pad</Filter>
    </ClCompile>
    <ClCompile Include="src\Pad\PadBase.cpp">
      <Filter>ソース ファイル\Pad</Filter>
    </ClCompile>
    <ClCompile Include="src\Pad\XInputPad.cpp">
      <Filter>ソース ファイル\Pad</Filter>
    </ClCompile>
    <ClCompile Include="src\Manager\InputManager.cpp">
      <Filter>ソース ファイル\Manager</Filter>
    </ClCompile>
    <ClCompile Include="src\Component\Transform.cpp">
      <Filter>ソース ファイル\Component</Filter>
    </ClCompile>
    <ClCompile Include="src\Definition\CommonModule\MyMath.cpp">
      <Filter>ソース ファイル\Definition\CommonModule</Filter>
    </ClCompile>
    <ClCompile Include="src\Debug\DebugCamera.cpp">
      <Filter>ソース ファイル\Debug</Filter>
    </ClCompile>
    <ClCompile Include="src\GameObject\GameObject.cpp">
      <Filter>ソース ファイル\GameObject</Filter>
    </ClCompile>
    <ClCompile Include="src\GameObject\Character\Character.cpp">
      <Filter>ソース ファイル\GameObject\Character</Filter>
    </ClCompile>
    <ClCompile Include="src\GameObject\Character\Enemy\EnemyBase.cpp">
      <Filter>ソース ファイル\GameObject\Character\Enemy</Filter>
    </ClCompile>
    <ClCompile Include="src\Component\Collider\Collider.cpp">
      <Filter>ソース ファイル</Filter>
    </ClCompile>
    <ClCompile Include="src\GameObject\Stage\Stage.cpp">
      <Filter>ソース ファイル</Filter>
    </ClCompile>
    <ClCompile Include="src\GameObject\Camera\CameraObject.cpp">
      <Filter>ソース ファイル</Filter>
    </ClCompile>
    <ClCompile Include="src\GameObject\Character\Player\PlayerCharacter.cpp">
      <Filter>ソース ファイル</Filter>
    </ClCompile>
    <ClCompile Include="src\Component\Animator.cpp">
      <Filter>ソース ファイル\Component</Filter>
    </ClCompile>
    <ClCompile Include="src\Manager\CollisionManager.cpp">
      <Filter>ソース ファイル\Manager</Filter>
    </ClCompile>
    <ClCompile Include="src\Debug\Scene\CollisionDebugScene.cpp">
      <Filter>ソース ファイル\Debug\Scene</Filter>
    </ClCompile>
    <ClCompile Include="src\Debug\Scene\DebugSceneSelectScene.cpp">
      <Filter>ソース ファイル\Debug\Scene</Filter>
    </ClCompile>
    <ClCompile Include="src\Debug\Scene\DebugScene.cpp">
      <Filter>ソース ファイル\Debug\Scene</Filter>
    </ClCompile>
    <ClCompile Include="src\Debug\Scene\EnemyDebugScene.cpp">
      <Filter>ソース ファイル\Debug\Scene</Filter>
    </ClCompile>
    <ClCompile Include="src\Debug\Scene\PlayerDebugScene.cpp">
      <Filter>ソース ファイル\Debug\Scene</Filter>
    </ClCompile>
    <ClCompile Include="src\Debug\Scene\StageDebugScene.cpp">
      <Filter>ソース ファイル\Debug\Scene</Filter>
    </ClCompile>
    <ClCompile Include="src\Generator\EnemyGenerator.cpp">
      <Filter>ソース ファイル\Generator</Filter>
    </ClCompile>
    <ClCompile Include="src\Manager\EnemyManager.cpp">
      <Filter>ソース ファイル\Manager</Filter>
    </ClCompile>
    <ClCompile Include="src\Definition\CommonModule\MyJson.cpp">
      <Filter>ソース ファイル\Definition\CommonModule</Filter>
    </ClCompile>
    <ClCompile Include="src\Definition\CommonModule\MyString.cpp">
      <Filter>ソース ファイル\Definition\CommonModule</Filter>
    </ClCompile>
    <ClCompile Include="src\Manager\CameraManager.cpp">
      <Filter>ソース ファイル\Manager</Filter>
    </ClCompile>
    <ClCompile Include="src\Manager\Stage\StageManager.cpp">
      <Filter>ソース ファイル\Manager</Filter>
    </ClCompile>
    <ClCompile Include="src\Manager\PlayerManager.cpp">
      <Filter>ソース ファイル\Manager</Filter>
    </ClCompile>
    <ClCompile Include="src\GameObject\Character\Enemy\WalkEnemy\WalkEnemy.cpp">
      <Filter>ソース ファイル\GameObject\Character\Enemy\Walker</Filter>
    </ClCompile>
    <ClCompile Include="src\GameObject\Stage\Gimmick\BreakWall.cpp">
      <Filter>ソース ファイル</Filter>
    </ClCompile>
    <ClCompile Include="src\GameObject\Stage\Gimmick\Lever.cpp">
      <Filter>ソース ファイル</Filter>
    </ClCompile>
    <ClCompile Include="src\Manager\Stage\GimmickManager.cpp">
      <Filter>ソース ファイル</Filter>
    </ClCompile>
    <ClCompile Include="src\Manager\TimeManager.cpp">
      <Filter>ソース ファイル</Filter>
    </ClCompile>
    <ClCompile Include="src\GameObject\Collider\ColliderObject.cpp">
      <Filter>ソース ファイル\GameObject\Collider</Filter>
    </ClCompile>
    <ClCompile Include="src\Data\Gimmick\StageLoader.cpp">
      <Filter>ソース ファイル</Filter>
    </ClCompile>
    <ClCompile Include="src\GameObject\Stage\Gimmick\GimmickFactory.cpp">
      <Filter>ソース ファイル</Filter>
    </ClCompile>
    <ClCompile Include="src\GameObject\Stage\Gimmick\GimmickObject.cpp">
      <Filter>ソース ファイル</Filter>
    </ClCompile>
    <ClCompile Include="src\Generator\StageCollisionGenerator.cpp">
      <Filter>ソース ファイル</Filter>
    </ClCompile>
    <ClCompile Include="src\Manager\ColliderObjectManager.cpp">
      <Filter>ソース ファイル</Filter>
    </ClCompile>
    <ClCompile Include="src\Manager\ModelManager.cpp">
      <Filter>ソース ファイル</Filter>
    </ClCompile>
    <ClCompile Include="src\Manager\Stage\GimmickObjectManager.cpp">
      <Filter>ソース ファイル</Filter>
    </ClCompile>
    <ClCompile Include="src\GameObject\Missile\Missile.cpp">
      <Filter>ソース ファイル\GameObject\Missile</Filter>
    </ClCompile>
    <ClCompile Include="src\Component\CaughtObject.cpp">
      <Filter>ソース ファイル\Component</Filter>
    </ClCompile>
    <ClCompile Include="src\GameObject\Character\Enemy\BomberEnemy\BomberEnemy.cpp">
      <Filter>ソース ファイル\GameObject\Character\Enemy\Bomber</Filter>
    </ClCompile>
    <ClCompile Include="src\Manager\GameObjectManager.cpp">
      <Filter>ソース ファイル</Filter>
    </ClCompile>
    <ClCompile Include="src\Generator\GameObjectGenerator.cpp">
      <Filter>ソース ファイル</Filter>
    </ClCompile>
    <ClCompile Include="src\GameObject\Character\Enemy\ShooterEnemy\ShooterEnemy.cpp">
      <Filter>ソース ファイル\GameObject\Character\Enemy\Shooter</Filter>
    </ClCompile>
    <ClCompile Include="src\GameObject\Stage\Gimmick\BomBreakWall.cpp">
      <Filter>ソース ファイル</Filter>
    </ClCompile>
    <ClCompile Include="src\GameObject\Camera\EventCameraMovement.cpp">
      <Filter>ソース ファイル</Filter>
    </ClCompile>
    <ClCompile Include="src\GameObject\Character\Enemy\TailEnemy\TailEnemy.cpp">
      <Filter>ソース ファイル</Filter>
    </ClCompile>
    <ClCompile Include="src\GameObject\Character\Player\PlayerHands.cpp">
      <Filter>ソース ファイル</Filter>
    </ClCompile>
    <ClCompile Include="src\GameObject\Stage\Gimmick\HookShot.cpp">
      <Filter>ソース ファイル</Filter>
    </ClCompile>
    <ClCompile Include="src\GameObject\Stage\Gimmick\PullOutFloor.cpp">
      <Filter>ソース ファイル</Filter>
    </ClCompile>
    <ClCompile Include="src\ImGui\imgui.cpp">
      <Filter>ImGui</Filter>
    </ClCompile>
    <ClCompile Include="src\ImGui\imgui_demo.cpp">
      <Filter>ImGui</Filter>
    </ClCompile>
    <ClCompile Include="src\ImGui\imgui_draw.cpp">
      <Filter>ImGui</Filter>
    </ClCompile>
    <ClCompile Include="src\ImGui\imgui_tables.cpp">
      <Filter>ImGui</Filter>
    </ClCompile>
    <ClCompile Include="src\ImGui\imgui_widgets.cpp">
      <Filter>ImGui</Filter>
    </ClCompile>
    <ClCompile Include="src\ImGui\ImGuiManager.cpp">
      <Filter>ImGui</Filter>
    </ClCompile>
    <ClCompile Include="src\ImGui\backends\imgui_impl_dx11.cpp">
      <Filter>ImGui\backends</Filter>
    </ClCompile>
    <ClCompile Include="src\ImGui\backends\imgui_impl_win32.cpp">
      <Filter>ImGui\backends</Filter>
    </ClCompile>
    <ClCompile Include="src\GameObject\Stage\CharacterSpawnPos.cpp">
      <Filter>ソース ファイル</Filter>
    </ClCompile>
    <ClCompile Include="src\GameObject\Stage\Gimmick\ExitArea.cpp">
      <Filter>ソース ファイル</Filter>
    </ClCompile>
  </ItemGroup>
  <ItemGroup>
    <ClInclude Include="src\Manager\ManagerBase.h">
      <Filter>ソース ファイル\Manager</Filter>
    </ClInclude>
    <ClInclude Include="src\Scene\SceneBase.h">
      <Filter>ソース ファイル\Scene</Filter>
    </ClInclude>
    <ClInclude Include="src\Manager\SceneManager.h">
      <Filter>ソース ファイル\Manager</Filter>
    </ClInclude>
    <ClInclude Include="src\Pad\DirectInputPad.h">
      <Filter>ソース ファイル\Pad</Filter>
    </ClInclude>
    <ClInclude Include="src\Pad\PadBase.h">
      <Filter>ソース ファイル\Pad</Filter>
    </ClInclude>
    <ClInclude Include="src\Pad\XInputPad.h">
      <Filter>ソース ファイル\Pad</Filter>
    </ClInclude>
    <ClInclude Include="src\Manager\InputManager.h">
      <Filter>ソース ファイル\Manager</Filter>
    </ClInclude>
    <ClInclude Include="src\Component\Transform.h">
      <Filter>ソース ファイル\Component</Filter>
    </ClInclude>
    <ClInclude Include="src\Definition\Const\ColorConst.h">
      <Filter>ソース ファイル\Definition\Const</Filter>
    </ClInclude>
    <ClInclude Include="src\Definition\Const\InputConst.h">
      <Filter>ソース ファイル\Definition\Const</Filter>
    </ClInclude>
    <ClInclude Include="src\Definition\Const\VECTORConst.h">
      <Filter>ソース ファイル\Definition\Const</Filter>
    </ClInclude>
    <ClInclude Include="src\Definition\Enum\InputEnum.h">
      <Filter>ソース ファイル\Definition\Enum</Filter>
    </ClInclude>
    <ClInclude Include="src\Definition\Enum\SceneType.h">
      <Filter>ソース ファイル\Definition\Enum</Filter>
    </ClInclude>
    <ClInclude Include="src\Definition\Enum\TagEnum.h">
      <Filter>ソース ファイル\Definition\Enum</Filter>
    </ClInclude>
    <ClInclude Include="src\Definition\CommonModule\MyMath.h">
      <Filter>ソース ファイル\Definition\CommonModule</Filter>
    </ClInclude>
    <ClInclude Include="src\Debug\DebugCamera.h">
      <Filter>ソース ファイル\Debug</Filter>
    </ClInclude>
    <ClInclude Include="src\GameObject\GameObject.h">
      <Filter>ソース ファイル\GameObject</Filter>
    </ClInclude>
    <ClInclude Include="src\GameObject\Character\Character.h">
      <Filter>ソース ファイル\GameObject\Character</Filter>
    </ClInclude>
    <ClInclude Include="src\Component\Collider\Collider.h">
      <Filter>ヘッダー ファイル</Filter>
    </ClInclude>
    <ClInclude Include="src\GameObject\Stage\StageBase.h">
      <Filter>ヘッダー ファイル</Filter>
    </ClInclude>
    <ClInclude Include="src\GameObject\Stage\Stage.h">
      <Filter>ヘッダー ファイル</Filter>
    </ClInclude>
    <ClInclude Include="src\GameObject\Stage\StageState.h">
      <Filter>ヘッダー ファイル</Filter>
    </ClInclude>
    <ClInclude Include="src\GameObject\Camera\CameraObject.h">
      <Filter>ヘッダー ファイル</Filter>
    </ClInclude>
    <ClInclude Include="src\GameObject\Character\Player\PlayerCharacter.h">
      <Filter>ヘッダー ファイル</Filter>
    </ClInclude>
    <ClInclude Include="src\Component\Animator.h">
      <Filter>ソース ファイル\Component</Filter>
    </ClInclude>
    <ClInclude Include="src\Manager\CollisionManager.h">
      <Filter>ソース ファイル\Manager</Filter>
    </ClInclude>
    <ClInclude Include="src\Debug\Scene\PlayerDebugScene.h">
      <Filter>ソース ファイル\Debug\Scene</Filter>
    </ClInclude>
    <ClInclude Include="src\Debug\Scene\StageDebugScene.h">
      <Filter>ソース ファイル\Debug\Scene</Filter>
    </ClInclude>
    <ClInclude Include="src\Debug\Scene\EnemyDebugScene.h">
      <Filter>ソース ファイル\Debug\Scene</Filter>
    </ClInclude>
    <ClInclude Include="src\Debug\Scene\CollisionDebugScene.h">
      <Filter>ソース ファイル\Debug\Scene</Filter>
    </ClInclude>
    <ClInclude Include="src\Debug\Scene\DebugScene.h">
      <Filter>ソース ファイル\Debug\Scene</Filter>
    </ClInclude>
    <ClInclude Include="src\Debug\Scene\DebugSceneSelectScene.h">
      <Filter>ソース ファイル\Debug\Scene</Filter>
    </ClInclude>
    <ClInclude Include="src\Generator\EnemyGenerator.h">
      <Filter>ソース ファイル\Generator</Filter>
    </ClInclude>
    <ClInclude Include="src\Definition\Enum\EnemyState.h">
      <Filter>ソース ファイル\Definition\Enum</Filter>
    </ClInclude>
    <ClInclude Include="src\Definition\Enum\EnemyType.h">
      <Filter>ソース ファイル\Definition\Enum</Filter>
    </ClInclude>
    <ClInclude Include="src\Component\Singleton.h">
      <Filter>ソース ファイル\Component</Filter>
    </ClInclude>
    <ClInclude Include="src\Data\json.hpp">
      <Filter>ソース ファイル\Data</Filter>
    </ClInclude>
    <ClInclude Include="src\Manager\EnemyManager.h">
      <Filter>ソース ファイル\Manager</Filter>
    </ClInclude>
    <ClInclude Include="src\GameObject\Character\Enemy\EnemyBase.h">
      <Filter>ソース ファイル\GameObject\Character\Enemy</Filter>
    </ClInclude>
    <ClInclude Include="src\Definition\CommonModule\MyJson.h">
      <Filter>ソース ファイル\Definition\CommonModule</Filter>
    </ClInclude>
    <ClInclude Include="src\Definition\CommonModule\MyString.h">
      <Filter>ソース ファイル\Definition\CommonModule</Filter>
    </ClInclude>
    <ClInclude Include="src\Manager\PlayerManager.h">
      <Filter>ソース ファイル\Manager</Filter>
    </ClInclude>
    <ClInclude Include="src\Manager\CameraManager.h">
      <Filter>ソース ファイル\Manager</Filter>
    </ClInclude>
    <ClInclude Include="src\Manager\Stage\StageManager.h">
      <Filter>ソース ファイル\Manager</Filter>
    </ClInclude>
    <ClInclude Include="src\GameObject\Character\Enemy\WalkEnemy\WalkEnemy.h">
      <Filter>ソース ファイル\GameObject\Character\Enemy\Walker</Filter>
    </ClInclude>
    <ClInclude Include="src\GameObject\Stage\Gimmick\BreakWall.h">
      <Filter>ヘッダー ファイル</Filter>
    </ClInclude>
    <ClInclude Include="src\GameObject\Stage\Gimmick\Lever.h">
      <Filter>ヘッダー ファイル</Filter>
    </ClInclude>
    <ClInclude Include="src\GameObject\Stage\Gimmick\TriggerInterface.h">
      <Filter>ヘッダー ファイル</Filter>
    </ClInclude>
    <ClInclude Include="src\Manager\Stage\GimmickManager.h">
      <Filter>ヘッダー ファイル</Filter>
    </ClInclude>
    <ClInclude Include="src\Manager\TimeManager.h">
      <Filter>ヘッダー ファイル</Filter>
    </ClInclude>
    <ClInclude Include="src\GameObject\Collider\ColliderObject.h">
      <Filter>ソース ファイル\GameObject\Collider</Filter>
    </ClInclude>
    <ClInclude Include="src\Data\Gimmick\StageLoader.h">
      <Filter>ヘッダー ファイル</Filter>
    </ClInclude>
    <ClInclude Include="src\GameObject\Stage\Gimmick\GimmickFactory.h">
      <Filter>ヘッダー ファイル</Filter>
    </ClInclude>
    <ClInclude Include="src\GameObject\Stage\Gimmick\GimmickObject.h">
      <Filter>ヘッダー ファイル</Filter>
    </ClInclude>
    <ClInclude Include="src\Generator\StageCollisionGenerator.h">
      <Filter>ヘッダー ファイル</Filter>
    </ClInclude>
    <ClInclude Include="src\Manager\ColliderObjectManager.h">
      <Filter>ヘッダー ファイル</Filter>
    </ClInclude>
    <ClInclude Include="src\Manager\ModelManager.h">
      <Filter>ヘッダー ファイル</Filter>
    </ClInclude>
    <ClInclude Include="src\Manager\Stage\GimmickObjectManager.h">
      <Filter>ヘッダー ファイル</Filter>
    </ClInclude>
    <ClInclude Include="src\Definition\Enum\CaughtState.h">
      <Filter>ソース ファイル\Definition\Enum</Filter>
    </ClInclude>
    <ClInclude Include="src\GameObject\Missile\Missile.h">
      <Filter>ソース ファイル\GameObject\Missile</Filter>
    </ClInclude>
    <ClInclude Include="src\Component\CaughtObject.h">
      <Filter>ソース ファイル\Component</Filter>
    </ClInclude>
    <ClInclude Include="src\GameObject\Character\Enemy\BomberEnemy\BomberEnemy.h">
      <Filter>ソース ファイル\GameObject\Character\Enemy\Bomber</Filter>
    </ClInclude>
    <ClInclude Include="src\Manager\GameObjectManager.h">
      <Filter>ヘッダー ファイル</Filter>
    </ClInclude>
    <ClInclude Include="src\Generator\GameObjectGenerator.h">
      <Filter>ヘッダー ファイル</Filter>
    </ClInclude>
    <ClInclude Include="src\GameObject\Character\Enemy\ShooterEnemy\ShooterEnemy.h">
      <Filter>ソース ファイル\GameObject\Character\Enemy\Shooter</Filter>
    </ClInclude>
    <ClInclude Include="src\GameObject\Stage\Gimmick\BomBreakWall.h">
      <Filter>ヘッダー ファイル</Filter>
    </ClInclude>
    <ClInclude Include="src\GameObject\Camera\EventCameraMovement.h">
      <Filter>ヘッダー ファイル</Filter>
    </ClInclude>
    <ClInclude Include="src\GameObject\Character\Enemy\TailEnemy\TailEnemy.h">
      <Filter>ヘッダー ファイル</Filter>
    </ClInclude>
    <ClInclude Include="src\GameObject\Character\Player\PlayerHands.h">
      <Filter>ヘッダー ファイル</Filter>
    </ClInclude>
    <ClInclude Include="src\GameObject\Stage\Gimmick\HookShot.h">
      <Filter>ヘッダー ファイル</Filter>
    </ClInclude>
    <ClInclude Include="src\GameObject\Stage\Gimmick\PullOutFloor.h">
      <Filter>ヘッダー ファイル</Filter>
    </ClInclude>
    <ClInclude Include="src\ImGui\imconfig.h">
      <Filter>ImGui</Filter>
    </ClInclude>
    <ClInclude Include="src\ImGui\imgui.h">
      <Filter>ImGui</Filter>
    </ClInclude>
    <ClInclude Include="src\ImGui\imgui_internal.h">
      <Filter>ImGui</Filter>
    </ClInclude>
    <ClInclude Include="src\ImGui\ImGuiManager.h">
      <Filter>ImGui</Filter>
    </ClInclude>
    <ClInclude Include="src\ImGui\imstb_rectpack.h">
      <Filter>ImGui</Filter>
    </ClInclude>
    <ClInclude Include="src\ImGui\imstb_textedit.h">
      <Filter>ImGui</Filter>
    </ClInclude>
    <ClInclude Include="src\ImGui\imstb_truetype.h">
      <Filter>ImGui</Filter>
    </ClInclude>
    <ClInclude Include="src\ImGui\backends\imgui_impl_dx11.h">
      <Filter>ImGui\backends</Filter>
    </ClInclude>
    <ClInclude Include="src\ImGui\backends\imgui_impl_win32.h">
      <Filter>ImGui\backends</Filter>
    </ClInclude>
    <ClInclude Include="src\GameObject\Stage\CharacterSpawnPos.h">
      <Filter>ヘッダー ファイル</Filter>
    </ClInclude>
    <ClInclude Include="src\GameObject\Stage\Gimmick\ExitArea.h">
      <Filter>ヘッダー ファイル</Filter>
    </ClInclude>
  </ItemGroup>
  <ItemGroup>
    <None Include="src\Data\EnemyData.json">
      <Filter>ソース ファイル\Data</Filter>
    </None>
    <None Include="src\Data\Stage_4.json" />
    <None Include="src\Data\GameObjectModelData.json">
      <Filter>ソース ファイル\Data</Filter>
    </None>
    <None Include="src\Data\collision_rules.json" />
    <None Include="src\Data\EventCamera.json" />
  </ItemGroup>
</Project>